%{
  "gen_state_machine": {:hex, :gen_state_machine, "2.1.0", "a38b0e53fad812d29ec149f0d354da5d1bc0d7222c3711f3a0bd5aa608b42992", [:mix], [], "hexpm", "ae367038808db25cee2f2c4b8d0531522ea587c4995eb6f96ee73410a60fa06b"},
  "saxy": {:git, "https://github.com/manuel-rubio/saxy.git", "ecd3006b6d86e65f28a77e4790f681d25bc26985", [branch: "master"]},
}
